
Microsoft Visual Studio Solution File, Format Version 12.00
# Visual Studio Version 17
VisualStudioVersion = 17.5.33627.172
MinimumVisualStudioVersion = 10.0.40219.1
Project("{9A19103F-16F7-4668-BE54-9A1E7A4F7556}") = "TestVisualStudio", "TestVisualStudio\TestVisualStudio.csproj", "{1F5B0251-000C-46D8-B3CF-EB999228D8FA}"
EndProject
Project("{FAE04EC0-301F-11D3-BF4B-00C04F79EFBC}") = "Test2", "Test2\Test2.csproj", "{4BE17C7A-D4D3-45DF-85BD-2437B6256191}"
EndProject
Project("{FAE04EC0-301F-11D3-BF4B-00C04F79EFBC}") = "UnitTest", "UnitTest\UnitTest.csproj", "{89D51E86-0695-42A9-B693-2417086FAA26}"
EndProject
Global
	GlobalSection(SolutionConfigurationPlatforms) = preSolution
		Debug|Any CPU = Debug|Any CPU
		Release|Any CPU = Release|Any CPU
	EndGlobalSection
	GlobalSection(ProjectConfigurationPlatforms) = postSolution
		{1F5B0251-000C-46D8-B3CF-EB999228D8FA}.Debug|Any CPU.ActiveCfg = Debug|Any CPU
		{1F5B0251-000C-46D8-B3CF-EB999228D8FA}.Debug|Any CPU.Build.0 = Debug|Any CPU
		{1F5B0251-000C-46D8-B3CF-EB999228D8FA}.Release|Any CPU.ActiveCfg = Release|Any CPU
		{1F5B0251-000C-46D8-B3CF-EB999228D8FA}.Release|Any CPU.Build.0 = Release|Any CPU
		{4BE17C7A-D4D3-45DF-85BD-2437B6256191}.Debug|Any CPU.ActiveCfg = Debug|Any CPU
		{4BE17C7A-D4D3-45DF-85BD-2437B6256191}.Debug|Any CPU.Build.0 = Debug|Any CPU
		{4BE17C7A-D4D3-45DF-85BD-2437B6256191}.Release|Any CPU.ActiveCfg = Release|Any CPU
		{4BE17C7A-D4D3-45DF-85BD-2437B6256191}.Release|Any CPU.Build.0 = Release|Any CPU
		{89D51E86-0695-42A9-B693-2417086FAA26}.Debug|Any CPU.ActiveCfg = Debug|Any CPU
		{89D51E86-0695-42A9-B693-2417086FAA26}.Debug|Any CPU.Build.0 = Debug|Any CPU
		{89D51E86-0695-42A9-B693-2417086FAA26}.Release|Any CPU.ActiveCfg = Release|Any CPU
		{89D51E86-0695-42A9-B693-2417086FAA26}.Release|Any CPU.Build.0 = Release|Any CPU
	EndGlobalSection
	GlobalSection(SolutionProperties) = preSolution
		HideSolutionNode = FALSE
	EndGlobalSection
	GlobalSection(ExtensibilityGlobals) = postSolution
		SolutionGuid = {9834A4AF-9C5D-445F-8593-95F863669F1D}
	EndGlobalSection
EndGlobal
